// !$*UTF8*$!
{
	archiveVersion = 1;
	classes = {
	};
	objectVersion = 56;
	objects = {

/* Begin PBXBuildFile section */
		5B71BF152ACE3FF300783C4E /* ActividadesTests.swift in Sources */ = {isa = PBXBuildFile; fileRef = 5B71BF142ACE3FF300783C4E /* ActividadesTests.swift */; };
		5B71BF1E2ACFA07100783C4E /* RegistroManager.swift in Sources */ = {isa = PBXBuildFile; fileRef = 5B71BF1D2ACFA07100783C4E /* RegistroManager.swift */; };
		5B71BF1F2ACFA07100783C4E /* RegistroManager.swift in Sources */ = {isa = PBXBuildFile; fileRef = 5B71BF1D2ACFA07100783C4E /* RegistroManager.swift */; };
		5B71BF212ACFA08000783C4E /* AuthManager.swift in Sources */ = {isa = PBXBuildFile; fileRef = 5B71BF202ACFA08000783C4E /* AuthManager.swift */; };
		5B71BF222ACFA08000783C4E /* AuthManager.swift in Sources */ = {isa = PBXBuildFile; fileRef = 5B71BF202ACFA08000783C4E /* AuthManager.swift */; };
		5B8803302AD4C564005A6302 /* QuestionSend.swift in Sources */ = {isa = PBXBuildFile; fileRef = 5B88032F2AD4C564005A6302 /* QuestionSend.swift */; };
		5BA9D9F12AC2578200894329 /* AppDelegate.swift in Sources */ = {isa = PBXBuildFile; fileRef = 5BA9D9F02AC2578200894329 /* AppDelegate.swift */; };
		5BA9D9F32AC2578200894329 /* SceneDelegate.swift in Sources */ = {isa = PBXBuildFile; fileRef = 5BA9D9F22AC2578200894329 /* SceneDelegate.swift */; };
		5BA9D9F52AC2578200894329 /* ViewController.swift in Sources */ = {isa = PBXBuildFile; fileRef = 5BA9D9F42AC2578200894329 /* ViewController.swift */; };
		5BA9D9F82AC2578200894329 /* Main.storyboard in Resources */ = {isa = PBXBuildFile; fileRef = 5BA9D9F62AC2578200894329 /* Main.storyboard */; };
		5BA9D9FA2AC2578400894329 /* Assets.xcassets in Resources */ = {isa = PBXBuildFile; fileRef = 5BA9D9F92AC2578400894329 /* Assets.xcassets */; };
		5BA9D9FD2AC2578400894329 /* LaunchScreen.storyboard in Resources */ = {isa = PBXBuildFile; fileRef = 5BA9D9FB2AC2578400894329 /* LaunchScreen.storyboard */; };
		842512F62AC671CA0071CFBE /* CutionarioViewController.swift in Sources */ = {isa = PBXBuildFile; fileRef = 842512F52AC671CA0071CFBE /* CutionarioViewController.swift */; };
		8450840E2AD1080500C25543 /* ContrasenaViewController.swift in Sources */ = {isa = PBXBuildFile; fileRef = 8450840D2AD1080500C25543 /* ContrasenaViewController.swift */; };
		846A82C62AD208A800BB46B1 /* DiagnosticoInicialViewController.swift in Sources */ = {isa = PBXBuildFile; fileRef = 846A82C52AD208A800BB46B1 /* DiagnosticoInicialViewController.swift */; };
		847D34592ADE067D00D11D8A /* ResultadosInfo.swift in Sources */ = {isa = PBXBuildFile; fileRef = 847D34582ADE067D00D11D8A /* ResultadosInfo.swift */; };
		847D345B2ADE18C400D11D8A /* ActividadesInfo.swift in Sources */ = {isa = PBXBuildFile; fileRef = 847D345A2ADE18C400D11D8A /* ActividadesInfo.swift */; };
		848756E22AC63FDE00E4E9CA /* LoginViewController.swift in Sources */ = {isa = PBXBuildFile; fileRef = 848756E12AC63FDE00E4E9CA /* LoginViewController.swift */; };
		848756E42AC64BF100E4E9CA /* RegistroViewController.swift in Sources */ = {isa = PBXBuildFile; fileRef = 848756E32AC64BF100E4E9CA /* RegistroViewController.swift */; };
		848D206F2AD0C56500F533DC /* NombreViewController.swift in Sources */ = {isa = PBXBuildFile; fileRef = 848D206E2AD0C56500F533DC /* NombreViewController.swift */; };
		84A057B82ADAF9EB00D6E4EF /* UserResponsesControllerF.swift in Sources */ = {isa = PBXBuildFile; fileRef = 84A057B72ADAF9EB00D6E4EF /* UserResponsesControllerF.swift */; };
		84A057BC2ADB00E400D6E4EF /* CuestionarioFinalSCViewController.swift in Sources */ = {isa = PBXBuildFile; fileRef = 84A057BB2ADB00E400D6E4EF /* CuestionarioFinalSCViewController.swift */; };
		84A057BE2ADB026000D6E4EF /* CuestionarioSCViewController.swift in Sources */ = {isa = PBXBuildFile; fileRef = 84A057BD2ADB026000D6E4EF /* CuestionarioSCViewController.swift */; };
		84A057E62ADB33F900D6E4EF /* archivosViewController.swift in Sources */ = {isa = PBXBuildFile; fileRef = 84A057E52ADB33F900D6E4EF /* archivosViewController.swift */; };
		84A057E82ADB399F00D6E4EF /* Data + Extensions.swift in Sources */ = {isa = PBXBuildFile; fileRef = 84A057E72ADB399F00D6E4EF /* Data + Extensions.swift */; };
		84A057EA2ADE09B900D6E4EF /* TextoSendViewController.swift in Sources */ = {isa = PBXBuildFile; fileRef = 84A057E92ADE09B900D6E4EF /* TextoSendViewController.swift */; };
		84A057EC2ADE1E9B00D6E4EF /* VideoPViewController.swift in Sources */ = {isa = PBXBuildFile; fileRef = 84A057EB2ADE1E9B00D6E4EF /* VideoPViewController.swift */; };
		84BA76E72AD7817F009FFE1C /* NSAttributedStringExtension.swift in Sources */ = {isa = PBXBuildFile; fileRef = 84BA76E62AD7817F009FFE1C /* NSAttributedStringExtension.swift */; };
		84BA76E92AD78594009FFE1C /* RegistroResponse.swift in Sources */ = {isa = PBXBuildFile; fileRef = 84BA76E82AD78594009FFE1C /* RegistroResponse.swift */; };
		84BA76EB2AD79566009FFE1C /* DiagCompViewController.swift in Sources */ = {isa = PBXBuildFile; fileRef = 84BA76EA2AD79566009FFE1C /* DiagCompViewController.swift */; };
		84C9BB5C2AD1C13300ADF2DC /* LoginResponse.swift in Sources */ = {isa = PBXBuildFile; fileRef = 84C9BB5B2AD1C13300ADF2DC /* LoginResponse.swift */; };
		84C9BB5E2AD1D54600ADF2DC /* LoadingViewController.swift in Sources */ = {isa = PBXBuildFile; fileRef = 84C9BB5D2AD1D54600ADF2DC /* LoadingViewController.swift */; };
		84C9BB612AD1DD2100ADF2DC /* Helper.swift in Sources */ = {isa = PBXBuildFile; fileRef = 84C9BB602AD1DD2100ADF2DC /* Helper.swift */; };
		84C9BB632AD1DE9100ADF2DC /* Constants.swift in Sources */ = {isa = PBXBuildFile; fileRef = 84C9BB622AD1DE9100ADF2DC /* Constants.swift */; };
		84C9BB652AD1E0CE00ADF2DC /* PerfilViewController.swift in Sources */ = {isa = PBXBuildFile; fileRef = 84C9BB642AD1E0CE00ADF2DC /* PerfilViewController.swift */; };
		84C9BB672AD1E7BF00ADF2DC /* PresenterManager.swift in Sources */ = {isa = PBXBuildFile; fileRef = 84C9BB662AD1E7BF00ADF2DC /* PresenterManager.swift */; };
		84C9BB692AD1FAF200ADF2DC /* HomeViewController.swift in Sources */ = {isa = PBXBuildFile; fileRef = 84C9BB682AD1FAF200ADF2DC /* HomeViewController.swift */; };
		84DEFFB62AD6072800EA0520 /* CambiarNombreResponse.swift in Sources */ = {isa = PBXBuildFile; fileRef = 84DEFFB52AD6072800EA0520 /* CambiarNombreResponse.swift */; };
		84E3B6E82ACE53CB0059D42E /* DiagFinalScene.swift in Sources */ = {isa = PBXBuildFile; fileRef = 84E3B6E72ACE53CB0059D42E /* DiagFinalScene.swift */; };
		84E3B6EA2ACE55020059D42E /* CuestionarioFinalViewController.swift in Sources */ = {isa = PBXBuildFile; fileRef = 84E3B6E92ACE55020059D42E /* CuestionarioFinalViewController.swift */; };
		84E3B71A2ACFAAD30059D42E /* Data.swift in Sources */ = {isa = PBXBuildFile; fileRef = 84E3B7192ACFAAD30059D42E /* Data.swift */; };
		84EB1A0B2ACCCDAE00E278AD /* Question.swift in Sources */ = {isa = PBXBuildFile; fileRef = 84EB1A0A2ACCCDAE00E278AD /* Question.swift */; };
		84EB1A0D2ACCCDD400E278AD /* EcomplexityEngine.swift in Sources */ = {isa = PBXBuildFile; fileRef = 84EB1A0C2ACCCDD400E278AD /* EcomplexityEngine.swift */; };
		84EB1A0F2ACCCDEB00E278AD /* Answer.swift in Sources */ = {isa = PBXBuildFile; fileRef = 84EB1A0E2ACCCDEB00E278AD /* Answer.swift */; };
		84EB1A112ACCCE0800E278AD /* UserResponses.swift in Sources */ = {isa = PBXBuildFile; fileRef = 84EB1A102ACCCE0800E278AD /* UserResponses.swift */; };
		84EB1A132ACCCE1900E278AD /* UserResponsesController.swift in Sources */ = {isa = PBXBuildFile; fileRef = 84EB1A122ACCCE1900E278AD /* UserResponsesController.swift */; };
/* End PBXBuildFile section */

/* Begin PBXContainerItemProxy section */
		5B71BF162ACE3FF300783C4E /* PBXContainerItemProxy */ = {
			isa = PBXContainerItemProxy;
			containerPortal = 5BA9D9E52AC2578200894329 /* Project object */;
			proxyType = 1;
			remoteGlobalIDString = 5BA9D9EC2AC2578200894329;
			remoteInfo = Actividades;
		};
/* End PBXContainerItemProxy section */

/* Begin PBXFileReference section */
		5B71BF122ACE3FF300783C4E /* ActividadesTests.xctest */ = {isa = PBXFileReference; explicitFileType = wrapper.cfbundle; includeInIndex = 0; path = ActividadesTests.xctest; sourceTree = BUILT_PRODUCTS_DIR; };
		5B71BF142ACE3FF300783C4E /* ActividadesTests.swift */ = {isa = PBXFileReference; lastKnownFileType = sourcecode.swift; path = ActividadesTests.swift; sourceTree = "<group>"; };
		5B71BF1D2ACFA07100783C4E /* RegistroManager.swift */ = {isa = PBXFileReference; lastKnownFileType = sourcecode.swift; path = RegistroManager.swift; sourceTree = "<group>"; };
		5B71BF202ACFA08000783C4E /* AuthManager.swift */ = {isa = PBXFileReference; lastKnownFileType = sourcecode.swift; path = AuthManager.swift; sourceTree = "<group>"; };
		5B88032F2AD4C564005A6302 /* QuestionSend.swift */ = {isa = PBXFileReference; lastKnownFileType = sourcecode.swift; path = QuestionSend.swift; sourceTree = "<group>"; };
		5BA9D9ED2AC2578200894329 /* Actividades.app */ = {isa = PBXFileReference; explicitFileType = wrapper.application; includeInIndex = 0; path = Actividades.app; sourceTree = BUILT_PRODUCTS_DIR; };
		5BA9D9F02AC2578200894329 /* AppDelegate.swift */ = {isa = PBXFileReference; lastKnownFileType = sourcecode.swift; path = AppDelegate.swift; sourceTree = "<group>"; };
		5BA9D9F22AC2578200894329 /* SceneDelegate.swift */ = {isa = PBXFileReference; lastKnownFileType = sourcecode.swift; path = SceneDelegate.swift; sourceTree = "<group>"; };
		5BA9D9F42AC2578200894329 /* ViewController.swift */ = {isa = PBXFileReference; lastKnownFileType = sourcecode.swift; path = ViewController.swift; sourceTree = "<group>"; };
		5BA9D9F72AC2578200894329 /* Base */ = {isa = PBXFileReference; lastKnownFileType = file.storyboard; name = Base; path = Base.lproj/Main.storyboard; sourceTree = "<group>"; };
		5BA9D9F92AC2578400894329 /* Assets.xcassets */ = {isa = PBXFileReference; lastKnownFileType = folder.assetcatalog; path = Assets.xcassets; sourceTree = "<group>"; };
		5BA9D9FC2AC2578400894329 /* Base */ = {isa = PBXFileReference; lastKnownFileType = file.storyboard; name = Base; path = Base.lproj/LaunchScreen.storyboard; sourceTree = "<group>"; };
		5BA9D9FE2AC2578400894329 /* Info.plist */ = {isa = PBXFileReference; lastKnownFileType = text.plist.xml; path = Info.plist; sourceTree = "<group>"; };
		842512F52AC671CA0071CFBE /* CutionarioViewController.swift */ = {isa = PBXFileReference; lastKnownFileType = sourcecode.swift; path = CutionarioViewController.swift; sourceTree = "<group>"; };
		8450840D2AD1080500C25543 /* ContrasenaViewController.swift */ = {isa = PBXFileReference; lastKnownFileType = sourcecode.swift; path = ContrasenaViewController.swift; sourceTree = "<group>"; };
		846A82C52AD208A800BB46B1 /* DiagnosticoInicialViewController.swift */ = {isa = PBXFileReference; lastKnownFileType = sourcecode.swift; path = DiagnosticoInicialViewController.swift; sourceTree = "<group>"; };
		847D34582ADE067D00D11D8A /* ResultadosInfo.swift */ = {isa = PBXFileReference; lastKnownFileType = sourcecode.swift; path = ResultadosInfo.swift; sourceTree = "<group>"; };
		847D345A2ADE18C400D11D8A /* ActividadesInfo.swift */ = {isa = PBXFileReference; lastKnownFileType = sourcecode.swift; path = ActividadesInfo.swift; sourceTree = "<group>"; };
		848756E12AC63FDE00E4E9CA /* LoginViewController.swift */ = {isa = PBXFileReference; lastKnownFileType = sourcecode.swift; path = LoginViewController.swift; sourceTree = "<group>"; };
		848756E32AC64BF100E4E9CA /* RegistroViewController.swift */ = {isa = PBXFileReference; lastKnownFileType = sourcecode.swift; path = RegistroViewController.swift; sourceTree = "<group>"; };
		848D206E2AD0C56500F533DC /* NombreViewController.swift */ = {isa = PBXFileReference; lastKnownFileType = sourcecode.swift; path = NombreViewController.swift; sourceTree = "<group>"; };
		84A057B72ADAF9EB00D6E4EF /* UserResponsesControllerF.swift */ = {isa = PBXFileReference; lastKnownFileType = sourcecode.swift; path = UserResponsesControllerF.swift; sourceTree = "<group>"; };
		84A057BB2ADB00E400D6E4EF /* CuestionarioFinalSCViewController.swift */ = {isa = PBXFileReference; lastKnownFileType = sourcecode.swift; path = CuestionarioFinalSCViewController.swift; sourceTree = "<group>"; };
		84A057BD2ADB026000D6E4EF /* CuestionarioSCViewController.swift */ = {isa = PBXFileReference; lastKnownFileType = sourcecode.swift; path = CuestionarioSCViewController.swift; sourceTree = "<group>"; };
		84A057E52ADB33F900D6E4EF /* archivosViewController.swift */ = {isa = PBXFileReference; lastKnownFileType = sourcecode.swift; path = archivosViewController.swift; sourceTree = "<group>"; };
		84A057E72ADB399F00D6E4EF /* Data + Extensions.swift */ = {isa = PBXFileReference; lastKnownFileType = sourcecode.swift; path = "Data + Extensions.swift"; sourceTree = "<group>"; };
		84A057E92ADE09B900D6E4EF /* TextoSendViewController.swift */ = {isa = PBXFileReference; lastKnownFileType = sourcecode.swift; path = TextoSendViewController.swift; sourceTree = "<group>"; };
		84A057EB2ADE1E9B00D6E4EF /* VideoPViewController.swift */ = {isa = PBXFileReference; lastKnownFileType = sourcecode.swift; path = VideoPViewController.swift; sourceTree = "<group>"; };
		84BA76E62AD7817F009FFE1C /* NSAttributedStringExtension.swift */ = {isa = PBXFileReference; lastKnownFileType = sourcecode.swift; path = NSAttributedStringExtension.swift; sourceTree = "<group>"; };
		84BA76E82AD78594009FFE1C /* RegistroResponse.swift */ = {isa = PBXFileReference; lastKnownFileType = sourcecode.swift; path = RegistroResponse.swift; sourceTree = "<group>"; };
		84BA76EA2AD79566009FFE1C /* DiagCompViewController.swift */ = {isa = PBXFileReference; lastKnownFileType = sourcecode.swift; path = DiagCompViewController.swift; sourceTree = "<group>"; };
		84C9BB5B2AD1C13300ADF2DC /* LoginResponse.swift */ = {isa = PBXFileReference; lastKnownFileType = sourcecode.swift; path = LoginResponse.swift; sourceTree = "<group>"; };
		84C9BB5D2AD1D54600ADF2DC /* LoadingViewController.swift */ = {isa = PBXFileReference; lastKnownFileType = sourcecode.swift; path = LoadingViewController.swift; sourceTree = "<group>"; };
		84C9BB602AD1DD2100ADF2DC /* Helper.swift */ = {isa = PBXFileReference; lastKnownFileType = sourcecode.swift; path = Helper.swift; sourceTree = "<group>"; };
		84C9BB622AD1DE9100ADF2DC /* Constants.swift */ = {isa = PBXFileReference; lastKnownFileType = sourcecode.swift; path = Constants.swift; sourceTree = "<group>"; };
		84C9BB642AD1E0CE00ADF2DC /* PerfilViewController.swift */ = {isa = PBXFileReference; lastKnownFileType = sourcecode.swift; path = PerfilViewController.swift; sourceTree = "<group>"; };
		84C9BB662AD1E7BF00ADF2DC /* PresenterManager.swift */ = {isa = PBXFileReference; lastKnownFileType = sourcecode.swift; path = PresenterManager.swift; sourceTree = "<group>"; };
		84C9BB682AD1FAF200ADF2DC /* HomeViewController.swift */ = {isa = PBXFileReference; lastKnownFileType = sourcecode.swift; path = HomeViewController.swift; sourceTree = "<group>"; };
		84DEFFB52AD6072800EA0520 /* CambiarNombreResponse.swift */ = {isa = PBXFileReference; lastKnownFileType = sourcecode.swift; path = CambiarNombreResponse.swift; sourceTree = "<group>"; };
		84E3B6E72ACE53CB0059D42E /* DiagFinalScene.swift */ = {isa = PBXFileReference; lastKnownFileType = sourcecode.swift; path = DiagFinalScene.swift; sourceTree = "<group>"; };
		84E3B6E92ACE55020059D42E /* CuestionarioFinalViewController.swift */ = {isa = PBXFileReference; lastKnownFileType = sourcecode.swift; path = CuestionarioFinalViewController.swift; sourceTree = "<group>"; };
		84E3B7192ACFAAD30059D42E /* Data.swift */ = {isa = PBXFileReference; lastKnownFileType = sourcecode.swift; path = Data.swift; sourceTree = "<group>"; };
		84EB1A0A2ACCCDAE00E278AD /* Question.swift */ = {isa = PBXFileReference; lastKnownFileType = sourcecode.swift; path = Question.swift; sourceTree = "<group>"; };
		84EB1A0C2ACCCDD400E278AD /* EcomplexityEngine.swift */ = {isa = PBXFileReference; lastKnownFileType = sourcecode.swift; path = EcomplexityEngine.swift; sourceTree = "<group>"; };
		84EB1A0E2ACCCDEB00E278AD /* Answer.swift */ = {isa = PBXFileReference; lastKnownFileType = sourcecode.swift; path = Answer.swift; sourceTree = "<group>"; };
		84EB1A102ACCCE0800E278AD /* UserResponses.swift */ = {isa = PBXFileReference; lastKnownFileType = sourcecode.swift; path = UserResponses.swift; sourceTree = "<group>"; };
		84EB1A122ACCCE1900E278AD /* UserResponsesController.swift */ = {isa = PBXFileReference; lastKnownFileType = sourcecode.swift; path = UserResponsesController.swift; sourceTree = "<group>"; };
/* End PBXFileReference section */

/* Begin PBXFrameworksBuildPhase section */
		5B71BF0F2ACE3FF300783C4E /* Frameworks */ = {
			isa = PBXFrameworksBuildPhase;
			buildActionMask = 2147483647;
			files = (
			);
			runOnlyForDeploymentPostprocessing = 0;
		};
		5BA9D9EA2AC2578200894329 /* Frameworks */ = {
			isa = PBXFrameworksBuildPhase;
			buildActionMask = 2147483647;
			files = (
			);
			runOnlyForDeploymentPostprocessing = 0;
		};
/* End PBXFrameworksBuildPhase section */

/* Begin PBXGroup section */
		5B71BF132ACE3FF300783C4E /* ActividadesTests */ = {
			isa = PBXGroup;
			children = (
				5B71BF142ACE3FF300783C4E /* ActividadesTests.swift */,
			);
			path = ActividadesTests;
			sourceTree = "<group>";
		};
		5B71BF1C2ACFA05500783C4E /* Managers */ = {
			isa = PBXGroup;
			children = (
				5B71BF1D2ACFA07100783C4E /* RegistroManager.swift */,
				5B71BF202ACFA08000783C4E /* AuthManager.swift */,
				84C9BB662AD1E7BF00ADF2DC /* PresenterManager.swift */,
			);
			path = Managers;
			sourceTree = "<group>";
		};
		5BA9D9E42AC2578200894329 = {
			isa = PBXGroup;
			children = (
				5BA9D9EF2AC2578200894329 /* Actividades */,
				5B71BF132ACE3FF300783C4E /* ActividadesTests */,
				5BA9D9EE2AC2578200894329 /* Products */,
			);
			sourceTree = "<group>";
		};
		5BA9D9EE2AC2578200894329 /* Products */ = {
			isa = PBXGroup;
			children = (
				5BA9D9ED2AC2578200894329 /* Actividades.app */,
				5B71BF122ACE3FF300783C4E /* ActividadesTests.xctest */,
			);
			name = Products;
			sourceTree = "<group>";
		};
		5BA9D9EF2AC2578200894329 /* Actividades */ = {
			isa = PBXGroup;
			children = (
				84C9BB5F2AD1DD0100ADF2DC /* Helper */,
				5B71BF1C2ACFA05500783C4E /* Managers */,
				5BA9D9F02AC2578200894329 /* AppDelegate.swift */,
				5BA9D9F22AC2578200894329 /* SceneDelegate.swift */,
				5BA9D9F42AC2578200894329 /* ViewController.swift */,
				842512F52AC671CA0071CFBE /* CutionarioViewController.swift */,
				84A057BD2ADB026000D6E4EF /* CuestionarioSCViewController.swift */,
				84EB1A072ACCCD6D00E278AD /* Model */,
				5BA9D9F62AC2578200894329 /* Main.storyboard */,
				84A057EB2ADE1E9B00D6E4EF /* VideoPViewController.swift */,
				84A057E92ADE09B900D6E4EF /* TextoSendViewController.swift */,
				84A057E52ADB33F900D6E4EF /* archivosViewController.swift */,
				846A82C52AD208A800BB46B1 /* DiagnosticoInicialViewController.swift */,
				84C9BB682AD1FAF200ADF2DC /* HomeViewController.swift */,
				84C9BB642AD1E0CE00ADF2DC /* PerfilViewController.swift */,
				84C9BB5D2AD1D54600ADF2DC /* LoadingViewController.swift */,
				84E3B6E92ACE55020059D42E /* CuestionarioFinalViewController.swift */,
				84A057BB2ADB00E400D6E4EF /* CuestionarioFinalSCViewController.swift */,
				84E3B6E72ACE53CB0059D42E /* DiagFinalScene.swift */,
				848756E32AC64BF100E4E9CA /* RegistroViewController.swift */,
				848756E12AC63FDE00E4E9CA /* LoginViewController.swift */,
				848D206E2AD0C56500F533DC /* NombreViewController.swift */,
				8450840D2AD1080500C25543 /* ContrasenaViewController.swift */,
				84BA76E62AD7817F009FFE1C /* NSAttributedStringExtension.swift */,
				5BA9D9F92AC2578400894329 /* Assets.xcassets */,
				5BA9D9FB2AC2578400894329 /* LaunchScreen.storyboard */,
				5BA9D9FE2AC2578400894329 /* Info.plist */,
				84BA76EA2AD79566009FFE1C /* DiagCompViewController.swift */,
			);
			path = Actividades;
			sourceTree = "<group>";
		};
		84C9BB5F2AD1DD0100ADF2DC /* Helper */ = {
			isa = PBXGroup;
			children = (
				84C9BB602AD1DD2100ADF2DC /* Helper.swift */,
				84C9BB622AD1DE9100ADF2DC /* Constants.swift */,
			);
			path = Helper;
			sourceTree = "<group>";
		};
		84EB1A072ACCCD6D00E278AD /* Model */ = {
			isa = PBXGroup;
			children = (
				84EB1A0A2ACCCDAE00E278AD /* Question.swift */,
				84EB1A0C2ACCCDD400E278AD /* EcomplexityEngine.swift */,
				84EB1A0E2ACCCDEB00E278AD /* Answer.swift */,
				84EB1A102ACCCE0800E278AD /* UserResponses.swift */,
				84EB1A122ACCCE1900E278AD /* UserResponsesController.swift */,
				84A057B72ADAF9EB00D6E4EF /* UserResponsesControllerF.swift */,
				84E3B7192ACFAAD30059D42E /* Data.swift */,
				84A057E72ADB399F00D6E4EF /* Data + Extensions.swift */,
				84C9BB5B2AD1C13300ADF2DC /* LoginResponse.swift */,
				5B88032F2AD4C564005A6302 /* QuestionSend.swift */,
				84DEFFB52AD6072800EA0520 /* CambiarNombreResponse.swift */,
				84BA76E82AD78594009FFE1C /* RegistroResponse.swift */,
				847D34582ADE067D00D11D8A /* ResultadosInfo.swift */,
				847D345A2ADE18C400D11D8A /* ActividadesInfo.swift */,
			);
			path = Model;
			sourceTree = "<group>";
		};
/* End PBXGroup section */

/* Begin PBXNativeTarget section */
		5B71BF112ACE3FF300783C4E /* ActividadesTests */ = {
			isa = PBXNativeTarget;
			buildConfigurationList = 5B71BF1A2ACE3FF300783C4E /* Build configuration list for PBXNativeTarget "ActividadesTests" */;
			buildPhases = (
				5B71BF0E2ACE3FF300783C4E /* Sources */,
				5B71BF0F2ACE3FF300783C4E /* Frameworks */,
				5B71BF102ACE3FF300783C4E /* Resources */,
			);
			buildRules = (
			);
			dependencies = (
				5B71BF172ACE3FF300783C4E /* PBXTargetDependency */,
			);
			name = ActividadesTests;
			productName = ActividadesTests;
			productReference = 5B71BF122ACE3FF300783C4E /* ActividadesTests.xctest */;
			productType = "com.apple.product-type.bundle.unit-test";
		};
		5BA9D9EC2AC2578200894329 /* Actividades */ = {
			isa = PBXNativeTarget;
			buildConfigurationList = 5BA9DA012AC2578400894329 /* Build configuration list for PBXNativeTarget "Actividades" */;
			buildPhases = (
				5BA9D9E92AC2578200894329 /* Sources */,
				5BA9D9EA2AC2578200894329 /* Frameworks */,
				5BA9D9EB2AC2578200894329 /* Resources */,
			);
			buildRules = (
			);
			dependencies = (
			);
			name = Actividades;
			productName = Actividades;
			productReference = 5BA9D9ED2AC2578200894329 /* Actividades.app */;
			productType = "com.apple.product-type.application";
		};
/* End PBXNativeTarget section */

/* Begin PBXProject section */
		5BA9D9E52AC2578200894329 /* Project object */ = {
			isa = PBXProject;
			attributes = {
				BuildIndependentTargetsInParallel = 1;
				LastSwiftUpdateCheck = 1430;
				LastUpgradeCheck = 1430;
				TargetAttributes = {
					5B71BF112ACE3FF300783C4E = {
						CreatedOnToolsVersion = 14.3.1;
						TestTargetID = 5BA9D9EC2AC2578200894329;
					};
					5BA9D9EC2AC2578200894329 = {
						CreatedOnToolsVersion = 14.3.1;
					};
				};
			};
			buildConfigurationList = 5BA9D9E82AC2578200894329 /* Build configuration list for PBXProject "Actividades" */;
			compatibilityVersion = "Xcode 14.0";
			developmentRegion = en;
			hasScannedForEncodings = 0;
			knownRegions = (
				en,
				Base,
			);
			mainGroup = 5BA9D9E42AC2578200894329;
			productRefGroup = 5BA9D9EE2AC2578200894329 /* Products */;
			projectDirPath = "";
			projectRoot = "";
			targets = (
				5BA9D9EC2AC2578200894329 /* Actividades */,
				5B71BF112ACE3FF300783C4E /* ActividadesTests */,
			);
		};
/* End PBXProject section */

/* Begin PBXResourcesBuildPhase section */
		5B71BF102ACE3FF300783C4E /* Resources */ = {
			isa = PBXResourcesBuildPhase;
			buildActionMask = 2147483647;
			files = (
			);
			runOnlyForDeploymentPostprocessing = 0;
		};
		5BA9D9EB2AC2578200894329 /* Resources */ = {
			isa = PBXResourcesBuildPhase;
			buildActionMask = 2147483647;
			files = (
				5BA9D9FD2AC2578400894329 /* LaunchScreen.storyboard in Resources */,
				5BA9D9FA2AC2578400894329 /* Assets.xcassets in Resources */,
				5BA9D9F82AC2578200894329 /* Main.storyboard in Resources */,
			);
			runOnlyForDeploymentPostprocessing = 0;
		};
/* End PBXResourcesBuildPhase section */

/* Begin PBXSourcesBuildPhase section */
		5B71BF0E2ACE3FF300783C4E /* Sources */ = {
			isa = PBXSourcesBuildPhase;
			buildActionMask = 2147483647;
			files = (
				5B71BF1F2ACFA07100783C4E /* RegistroManager.swift in Sources */,
				5B71BF222ACFA08000783C4E /* AuthManager.swift in Sources */,
				5B71BF152ACE3FF300783C4E /* ActividadesTests.swift in Sources */,
			);
			runOnlyForDeploymentPostprocessing = 0;
		};
		5BA9D9E92AC2578200894329 /* Sources */ = {
			isa = PBXSourcesBuildPhase;
			buildActionMask = 2147483647;
			files = (
				84EB1A132ACCCE1900E278AD /* UserResponsesController.swift in Sources */,
				5B71BF212ACFA08000783C4E /* AuthManager.swift in Sources */,
				84BA76EB2AD79566009FFE1C /* DiagCompViewController.swift in Sources */,
				5B71BF1E2ACFA07100783C4E /* RegistroManager.swift in Sources */,
				84A057B82ADAF9EB00D6E4EF /* UserResponsesControllerF.swift in Sources */,
				84DEFFB62AD6072800EA0520 /* CambiarNombreResponse.swift in Sources */,
				848756E22AC63FDE00E4E9CA /* LoginViewController.swift in Sources */,
				84BA76E72AD7817F009FFE1C /* NSAttributedStringExtension.swift in Sources */,
				84A057EA2ADE09B900D6E4EF /* TextoSendViewController.swift in Sources */,
				5BA9D9F52AC2578200894329 /* ViewController.swift in Sources */,
				84EB1A0B2ACCCDAE00E278AD /* Question.swift in Sources */,
				84E3B71A2ACFAAD30059D42E /* Data.swift in Sources */,
				84A057E82ADB399F00D6E4EF /* Data + Extensions.swift in Sources */,
				84EB1A0F2ACCCDEB00E278AD /* Answer.swift in Sources */,
				84EB1A0D2ACCCDD400E278AD /* EcomplexityEngine.swift in Sources */,
				8450840E2AD1080500C25543 /* ContrasenaViewController.swift in Sources */,
				5BA9D9F12AC2578200894329 /* AppDelegate.swift in Sources */,
				847D34592ADE067D00D11D8A /* ResultadosInfo.swift in Sources */,
				842512F62AC671CA0071CFBE /* CutionarioViewController.swift in Sources */,
				84BA76E92AD78594009FFE1C /* RegistroResponse.swift in Sources */,
				84E3B6E82ACE53CB0059D42E /* DiagFinalScene.swift in Sources */,
				84C9BB692AD1FAF200ADF2DC /* HomeViewController.swift in Sources */,
				84C9BB672AD1E7BF00ADF2DC /* PresenterManager.swift in Sources */,
				846A82C62AD208A800BB46B1 /* DiagnosticoInicialViewController.swift in Sources */,
				84A057BE2ADB026000D6E4EF /* CuestionarioSCViewController.swift in Sources */,
				84E3B6EA2ACE55020059D42E /* CuestionarioFinalViewController.swift in Sources */,
				848D206F2AD0C56500F533DC /* NombreViewController.swift in Sources */,
				84A057E62ADB33F900D6E4EF /* archivosViewController.swift in Sources */,
				847D345B2ADE18C400D11D8A /* ActividadesInfo.swift in Sources */,
				848756E42AC64BF100E4E9CA /* RegistroViewController.swift in Sources */,
				5BA9D9F32AC2578200894329 /* SceneDelegate.swift in Sources */,
				84C9BB652AD1E0CE00ADF2DC /* PerfilViewController.swift in Sources */,
				84C9BB5E2AD1D54600ADF2DC /* LoadingViewController.swift in Sources */,
				84C9BB612AD1DD2100ADF2DC /* Helper.swift in Sources */,
				5B8803302AD4C564005A6302 /* QuestionSend.swift in Sources */,
				84A057EC2ADE1E9B00D6E4EF /* VideoPViewController.swift in Sources */,
				84EB1A112ACCCE0800E278AD /* UserResponses.swift in Sources */,
				84A057BC2ADB00E400D6E4EF /* CuestionarioFinalSCViewController.swift in Sources */,
				84C9BB5C2AD1C13300ADF2DC /* LoginResponse.swift in Sources */,
				84C9BB632AD1DE9100ADF2DC /* Constants.swift in Sources */,
			);
			runOnlyForDeploymentPostprocessing = 0;
		};
/* End PBXSourcesBuildPhase section */

/* Begin PBXTargetDependency section */
		5B71BF172ACE3FF300783C4E /* PBXTargetDependency */ = {
			isa = PBXTargetDependency;
			target = 5BA9D9EC2AC2578200894329 /* Actividades */;
			targetProxy = 5B71BF162ACE3FF300783C4E /* PBXContainerItemProxy */;
		};
/* End PBXTargetDependency section */

/* Begin PBXVariantGroup section */
		5BA9D9F62AC2578200894329 /* Main.storyboard */ = {
			isa = PBXVariantGroup;
			children = (
				5BA9D9F72AC2578200894329 /* Base */,
			);
			name = Main.storyboard;
			sourceTree = "<group>";
		};
		5BA9D9FB2AC2578400894329 /* LaunchScreen.storyboard */ = {
			isa = PBXVariantGroup;
			children = (
				5BA9D9FC2AC2578400894329 /* Base */,
			);
			name = LaunchScreen.storyboard;
			sourceTree = "<group>";
		};
/* End PBXVariantGroup section */

/* Begin XCBuildConfiguration section */
		5B71BF182ACE3FF300783C4E /* Debug */ = {
			isa = XCBuildConfiguration;
			buildSettings = {
				BUNDLE_LOADER = "$(TEST_HOST)";
				CODE_SIGN_STYLE = Automatic;
				CURRENT_PROJECT_VERSION = 1;
				GENERATE_INFOPLIST_FILE = YES;
				MARKETING_VERSION = 1.0;
				PRODUCT_BUNDLE_IDENTIFIER = mx.a01661436.ActividadesTests;
				PRODUCT_NAME = "$(TARGET_NAME)";
				SWIFT_EMIT_LOC_STRINGS = NO;
				SWIFT_VERSION = 5.0;
				TARGETED_DEVICE_FAMILY = "1,2";
				TEST_HOST = "$(BUILT_PRODUCTS_DIR)/Actividades.app/$(BUNDLE_EXECUTABLE_FOLDER_PATH)/Actividades";
			};
			name = Debug;
		};
		5B71BF192ACE3FF300783C4E /* Release */ = {
			isa = XCBuildConfiguration;
			buildSettings = {
				BUNDLE_LOADER = "$(TEST_HOST)";
				CODE_SIGN_STYLE = Automatic;
				CURRENT_PROJECT_VERSION = 1;
				GENERATE_INFOPLIST_FILE = YES;
				MARKETING_VERSION = 1.0;
				PRODUCT_BUNDLE_IDENTIFIER = mx.a01661436.ActividadesTests;
				PRODUCT_NAME = "$(TARGET_NAME)";
				SWIFT_EMIT_LOC_STRINGS = NO;
				SWIFT_VERSION = 5.0;
				TARGETED_DEVICE_FAMILY = "1,2";
				TEST_HOST = "$(BUILT_PRODUCTS_DIR)/Actividades.app/$(BUNDLE_EXECUTABLE_FOLDER_PATH)/Actividades";
			};
			name = Release;
		};
		5BA9D9FF2AC2578400894329 /* Debug */ = {
			isa = XCBuildConfiguration;
			buildSettings = {
				ALWAYS_SEARCH_USER_PATHS = NO;
				CLANG_ANALYZER_NONNULL = YES;
				CLANG_ANALYZER_NUMBER_OBJECT_CONVERSION = YES_AGGRESSIVE;
				CLANG_CXX_LANGUAGE_STANDARD = "gnu++20";
				CLANG_ENABLE_MODULES = YES;
				CLANG_ENABLE_OBJC_ARC = YES;
				CLANG_ENABLE_OBJC_WEAK = YES;
				CLANG_WARN_BLOCK_CAPTURE_AUTORELEASING = YES;
				CLANG_WARN_BOOL_CONVERSION = YES;
				CLANG_WARN_COMMA = YES;
				CLANG_WARN_CONSTANT_CONVERSION = YES;
				CLANG_WARN_DEPRECATED_OBJC_IMPLEMENTATIONS = YES;
				CLANG_WARN_DIRECT_OBJC_ISA_USAGE = YES_ERROR;
				CLANG_WARN_DOCUMENTATION_COMMENTS = YES;
				CLANG_WARN_EMPTY_BODY = YES;
				CLANG_WARN_ENUM_CONVERSION = YES;
				CLANG_WARN_INFINITE_RECURSION = YES;
				CLANG_WARN_INT_CONVERSION = YES;
				CLANG_WARN_NON_LITERAL_NULL_CONVERSION = YES;
				CLANG_WARN_OBJC_IMPLICIT_RETAIN_SELF = YES;
				CLANG_WARN_OBJC_LITERAL_CONVERSION = YES;
				CLANG_WARN_OBJC_ROOT_CLASS = YES_ERROR;
				CLANG_WARN_QUOTED_INCLUDE_IN_FRAMEWORK_HEADER = YES;
				CLANG_WARN_RANGE_LOOP_ANALYSIS = YES;
				CLANG_WARN_STRICT_PROTOTYPES = YES;
				CLANG_WARN_SUSPICIOUS_MOVE = YES;
				CLANG_WARN_UNGUARDED_AVAILABILITY = YES_AGGRESSIVE;
				CLANG_WARN_UNREACHABLE_CODE = YES;
				CLANG_WARN__DUPLICATE_METHOD_MATCH = YES;
				COPY_PHASE_STRIP = NO;
				DEBUG_INFORMATION_FORMAT = dwarf;
				ENABLE_STRICT_OBJC_MSGSEND = YES;
				ENABLE_TESTABILITY = YES;
				GCC_C_LANGUAGE_STANDARD = gnu11;
				GCC_DYNAMIC_NO_PIC = NO;
				GCC_NO_COMMON_BLOCKS = YES;
				GCC_OPTIMIZATION_LEVEL = 0;
				GCC_PREPROCESSOR_DEFINITIONS = (
					"DEBUG=1",
					"$(inherited)",
				);
				GCC_WARN_64_TO_32_BIT_CONVERSION = YES;
				GCC_WARN_ABOUT_RETURN_TYPE = YES_ERROR;
				GCC_WARN_UNDECLARED_SELECTOR = YES;
				GCC_WARN_UNINITIALIZED_AUTOS = YES_AGGRESSIVE;
				GCC_WARN_UNUSED_FUNCTION = YES;
				GCC_WARN_UNUSED_VARIABLE = YES;
				IPHONEOS_DEPLOYMENT_TARGET = 16.4;
				MTL_ENABLE_DEBUG_INFO = INCLUDE_SOURCE;
				MTL_FAST_MATH = YES;
				ONLY_ACTIVE_ARCH = YES;
				SDKROOT = iphoneos;
				SWIFT_ACTIVE_COMPILATION_CONDITIONS = DEBUG;
				SWIFT_OPTIMIZATION_LEVEL = "-Onone";
			};
			name = Debug;
		};
		5BA9DA002AC2578400894329 /* Release */ = {
			isa = XCBuildConfiguration;
			buildSettings = {
				ALWAYS_SEARCH_USER_PATHS = NO;
				CLANG_ANALYZER_NONNULL = YES;
				CLANG_ANALYZER_NUMBER_OBJECT_CONVERSION = YES_AGGRESSIVE;
				CLANG_CXX_LANGUAGE_STANDARD = "gnu++20";
				CLANG_ENABLE_MODULES = YES;
				CLANG_ENABLE_OBJC_ARC = YES;
				CLANG_ENABLE_OBJC_WEAK = YES;
				CLANG_WARN_BLOCK_CAPTURE_AUTORELEASING = YES;
				CLANG_WARN_BOOL_CONVERSION = YES;
				CLANG_WARN_COMMA = YES;
				CLANG_WARN_CONSTANT_CONVERSION = YES;
				CLANG_WARN_DEPRECATED_OBJC_IMPLEMENTATIONS = YES;
				CLANG_WARN_DIRECT_OBJC_ISA_USAGE = YES_ERROR;
				CLANG_WARN_DOCUMENTATION_COMMENTS = YES;
				CLANG_WARN_EMPTY_BODY = YES;
				CLANG_WARN_ENUM_CONVERSION = YES;
				CLANG_WARN_INFINITE_RECURSION = YES;
				CLANG_WARN_INT_CONVERSION = YES;
				CLANG_WARN_NON_LITERAL_NULL_CONVERSION = YES;
				CLANG_WARN_OBJC_IMPLICIT_RETAIN_SELF = YES;
				CLANG_WARN_OBJC_LITERAL_CONVERSION = YES;
				CLANG_WARN_OBJC_ROOT_CLASS = YES_ERROR;
				CLANG_WARN_QUOTED_INCLUDE_IN_FRAMEWORK_HEADER = YES;
				CLANG_WARN_RANGE_LOOP_ANALYSIS = YES;
				CLANG_WARN_STRICT_PROTOTYPES = YES;
				CLANG_WARN_SUSPICIOUS_MOVE = YES;
				CLANG_WARN_UNGUARDED_AVAILABILITY = YES_AGGRESSIVE;
				CLANG_WARN_UNREACHABLE_CODE = YES;
				CLANG_WARN__DUPLICATE_METHOD_MATCH = YES;
				COPY_PHASE_STRIP = NO;
				DEBUG_INFORMATION_FORMAT = "dwarf-with-dsym";
				ENABLE_NS_ASSERTIONS = NO;
				ENABLE_STRICT_OBJC_MSGSEND = YES;
				GCC_C_LANGUAGE_STANDARD = gnu11;
				GCC_NO_COMMON_BLOCKS = YES;
				GCC_WARN_64_TO_32_BIT_CONVERSION = YES;
				GCC_WARN_ABOUT_RETURN_TYPE = YES_ERROR;
				GCC_WARN_UNDECLARED_SELECTOR = YES;
				GCC_WARN_UNINITIALIZED_AUTOS = YES_AGGRESSIVE;
				GCC_WARN_UNUSED_FUNCTION = YES;
				GCC_WARN_UNUSED_VARIABLE = YES;
				IPHONEOS_DEPLOYMENT_TARGET = 16.4;
				MTL_ENABLE_DEBUG_INFO = NO;
				MTL_FAST_MATH = YES;
				SDKROOT = iphoneos;
				SWIFT_COMPILATION_MODE = wholemodule;
				SWIFT_OPTIMIZATION_LEVEL = "-O";
				VALIDATE_PRODUCT = YES;
			};
			name = Release;
		};
		5BA9DA022AC2578400894329 /* Debug */ = {
			isa = XCBuildConfiguration;
			buildSettings = {
				ASSETCATALOG_COMPILER_APPICON_NAME = AppIcon;
				ASSETCATALOG_COMPILER_GLOBAL_ACCENT_COLOR_NAME = AccentColor;
				CODE_SIGN_STYLE = Automatic;
				CURRENT_PROJECT_VERSION = 1;
				GENERATE_INFOPLIST_FILE = YES;
				INFOPLIST_FILE = Actividades/Info.plist;
				INFOPLIST_KEY_UIApplicationSupportsIndirectInputEvents = YES;
				INFOPLIST_KEY_UILaunchStoryboardName = LaunchScreen;
				INFOPLIST_KEY_UIMainStoryboardFile = Main;
				INFOPLIST_KEY_UISupportedInterfaceOrientations_iPad = "UIInterfaceOrientationPortrait UIInterfaceOrientationPortraitUpsideDown UIInterfaceOrientationLandscapeLeft UIInterfaceOrientationLandscapeRight";
				INFOPLIST_KEY_UISupportedInterfaceOrientations_iPhone = "UIInterfaceOrientationPortrait UIInterfaceOrientationLandscapeLeft UIInterfaceOrientationLandscapeRight";
				IPHONEOS_DEPLOYMENT_TARGET = 16.4;
				LD_RUNPATH_SEARCH_PATHS = (
					"$(inherited)",
					"@executable_path/Frameworks",
				);
				MARKETING_VERSION = 1.0;
				PRODUCT_BUNDLE_IDENTIFIER = mx.a01661436.Actividades;
				PRODUCT_NAME = "$(TARGET_NAME)";
				SWIFT_EMIT_LOC_STRINGS = YES;
				SWIFT_VERSION = 5.0;
				TARGETED_DEVICE_FAMILY = "1,2";
			};
			name = Debug;
		};
		5BA9DA032AC2578400894329 /* Release */ = {
			isa = XCBuildConfiguration;
			buildSettings = {
				ASSETCATALOG_COMPILER_APPICON_NAME = AppIcon;
				ASSETCATALOG_COMPILER_GLOBAL_ACCENT_COLOR_NAME = AccentColor;
				CODE_SIGN_STYLE = Automatic;
				CURRENT_PROJECT_VERSION = 1;
				GENERATE_INFOPLIST_FILE = YES;
				INFOPLIST_FILE = Actividades/Info.plist;
				INFOPLIST_KEY_UIApplicationSupportsIndirectInputEvents = YES;
				INFOPLIST_KEY_UILaunchStoryboardName = LaunchScreen;
				INFOPLIST_KEY_UIMainStoryboardFile = Main;
				INFOPLIST_KEY_UISupportedInterfaceOrientations_iPad = "UIInterfaceOrientationPortrait UIInterfaceOrientationPortraitUpsideDown UIInterfaceOrientationLandscapeLeft UIInterfaceOrientationLandscapeRight";
				INFOPLIST_KEY_UISupportedInterfaceOrientations_iPhone = "UIInterfaceOrientationPortrait UIInterfaceOrientationLandscapeLeft UIInterfaceOrientationLandscapeRight";
				IPHONEOS_DEPLOYMENT_TARGET = 16.4;
				LD_RUNPATH_SEARCH_PATHS = (
					"$(inherited)",
					"@executable_path/Frameworks",
				);
				MARKETING_VERSION = 1.0;
				PRODUCT_BUNDLE_IDENTIFIER = mx.a01661436.Actividades;
				PRODUCT_NAME = "$(TARGET_NAME)";
				SWIFT_EMIT_LOC_STRINGS = YES;
				SWIFT_VERSION = 5.0;
				TARGETED_DEVICE_FAMILY = "1,2";
			};
			name = Release;
		};
/* End XCBuildConfiguration section */

/* Begin XCConfigurationList section */
		5B71BF1A2ACE3FF300783C4E /* Build configuration list for PBXNativeTarget "ActividadesTests" */ = {
			isa = XCConfigurationList;
			buildConfigurations = (
				5B71BF182ACE3FF300783C4E /* Debug */,
				5B71BF192ACE3FF300783C4E /* Release */,
			);
			defaultConfigurationIsVisible = 0;
			defaultConfigurationName = Release;
		};
		5BA9D9E82AC2578200894329 /* Build configuration list for PBXProject "Actividades" */ = {
			isa = XCConfigurationList;
			buildConfigurations = (
				5BA9D9FF2AC2578400894329 /* Debug */,
				5BA9DA002AC2578400894329 /* Release */,
			);
			defaultConfigurationIsVisible = 0;
			defaultConfigurationName = Release;
		};
		5BA9DA012AC2578400894329 /* Build configuration list for PBXNativeTarget "Actividades" */ = {
			isa = XCConfigurationList;
			buildConfigurations = (
				5BA9DA022AC2578400894329 /* Debug */,
				5BA9DA032AC2578400894329 /* Release */,
			);
			defaultConfigurationIsVisible = 0;
			defaultConfigurationName = Release;
		};
/* End XCConfigurationList section */
	};
	rootObject = 5BA9D9E52AC2578200894329 /* Project object */;
}
